
Microsoft Visual Studio Solution File, Format Version 12.00
# Visual Studio Version 17
VisualStudioVersion = 17.0.31919.166
MinimumVisualStudioVersion = 10.0.40219.1
Project("{9A19103F-16F7-4668-BE54-9A1E7A4F7556}") = "2. oData.Client", "oData.Client\2. oData.Client.csproj", "{A75E4585-F798-4648-8DFD-DB4F80AD7D24}"
EndProject
Project("{FAE04EC0-301F-11D3-BF4B-00C04F79EFBC}") = "3. oData.Client.Test", "oData.Client.Test\3. oData.Client.Test.csproj", "{1DC43DE7-0957-4F36-ACE8-3127F56E172E}"
EndProject
Project("{FAE04EC0-301F-11D3-BF4B-00C04F79EFBC}") = "1. oData.Core", "oData.Core\1. oData.Core.csproj", "{30962225-8AD3-4F8B-93BB-8E4037F910AB}"
EndProject
Global
	GlobalSection(SolutionConfigurationPlatforms) = preSolution
		Debug|Any CPU = Debug|Any CPU
		Release|Any CPU = Release|Any CPU
	EndGlobalSection
	GlobalSection(ProjectConfigurationPlatforms) = postSolution
		{A75E4585-F798-4648-8DFD-DB4F80AD7D24}.Debug|Any CPU.ActiveCfg = Debug|Any CPU
		{A75E4585-F798-4648-8DFD-DB4F80AD7D24}.Debug|Any CPU.Build.0 = Debug|Any CPU
		{A75E4585-F798-4648-8DFD-DB4F80AD7D24}.Release|Any CPU.ActiveCfg = Release|Any CPU
		{A75E4585-F798-4648-8DFD-DB4F80AD7D24}.Release|Any CPU.Build.0 = Release|Any CPU
		{1DC43DE7-0957-4F36-ACE8-3127F56E172E}.Debug|Any CPU.ActiveCfg = Debug|Any CPU
		{1DC43DE7-0957-4F36-ACE8-3127F56E172E}.Debug|Any CPU.Build.0 = Debug|Any CPU
		{1DC43DE7-0957-4F36-ACE8-3127F56E172E}.Release|Any CPU.ActiveCfg = Release|Any CPU
		{1DC43DE7-0957-4F36-ACE8-3127F56E172E}.Release|Any CPU.Build.0 = Release|Any CPU
		{30962225-8AD3-4F8B-93BB-8E4037F910AB}.Debug|Any CPU.ActiveCfg = Debug|Any CPU
		{30962225-8AD3-4F8B-93BB-8E4037F910AB}.Debug|Any CPU.Build.0 = Debug|Any CPU
		{30962225-8AD3-4F8B-93BB-8E4037F910AB}.Release|Any CPU.ActiveCfg = Release|Any CPU
		{30962225-8AD3-4F8B-93BB-8E4037F910AB}.Release|Any CPU.Build.0 = Release|Any CPU
	EndGlobalSection
	GlobalSection(SolutionProperties) = preSolution
		HideSolutionNode = FALSE
	EndGlobalSection
	GlobalSection(ExtensibilityGlobals) = postSolution
		SolutionGuid = {10E5E413-797B-4359-AEA7-2DE6B300BDC6}
	EndGlobalSection
EndGlobal
